// !$*UTF8*$!
{
	archiveVersion = 1;
	classes = {
	};
	objectVersion = 50;
	objects = {

/* Begin PBXBuildFile section */
		55D23CD72167636400A3D2F9 /* AppDelegate.swift in Sources */ = {isa = PBXBuildFile; fileRef = 55D23CD62167636400A3D2F9 /* AppDelegate.swift */; };
		55D23CD92167636400A3D2F9 /* ViewController.swift in Sources */ = {isa = PBXBuildFile; fileRef = 55D23CD82167636400A3D2F9 /* ViewController.swift */; };
		55D23CDC2167636400A3D2F9 /* Main.storyboard in Resources */ = {isa = PBXBuildFile; fileRef = 55D23CDA2167636400A3D2F9 /* Main.storyboard */; };
		55D23CDE2167636700A3D2F9 /* Assets.xcassets in Resources */ = {isa = PBXBuildFile; fileRef = 55D23CDD2167636700A3D2F9 /* Assets.xcassets */; };
		55D23CE12167636700A3D2F9 /* LaunchScreen.storyboard in Resources */ = {isa = PBXBuildFile; fileRef = 55D23CDF2167636700A3D2F9 /* LaunchScreen.storyboard */; };
		55D23CEA2167639400A3D2F9 /* Test.swift in Sources */ = {isa = PBXBuildFile; fileRef = 55D23CE92167639400A3D2F9 /* Test.swift */; };
/* End PBXBuildFile section */

/* Begin PBXFileReference section */
		55D23CD32167636400A3D2F9 /* NewTableRepo.app */ = {isa = PBXFileReference; explicitFileType = wrapper.application; includeInIndex = 0; path = NewTableRepo.app; sourceTree = BUILT_PRODUCTS_DIR; };
		55D23CD62167636400A3D2F9 /* AppDelegate.swift */ = {isa = PBXFileReference; lastKnownFileType = sourcecode.swift; path = AppDelegate.swift; sourceTree = "<group>"; };
		55D23CD82167636400A3D2F9 /* ViewController.swift */ = {isa = PBXFileReference; lastKnownFileType = sourcecode.swift; path = ViewController.swift; sourceTree = "<group>"; };
		55D23CDB2167636400A3D2F9 /* Base */ = {isa = PBXFileReference; lastKnownFileType = file.storyboard; name = Base; path = Base.lproj/Main.storyboard; sourceTree = "<group>"; };
		55D23CDD2167636700A3D2F9 /* Assets.xcassets */ = {isa = PBXFileReference; lastKnownFileType = folder.assetcatalog; path = Assets.xcassets; sourceTree = "<group>"; };
		55D23CE02167636700A3D2F9 /* Base */ = {isa = PBXFileReference; lastKnownFileType = file.storyboard; name = Base; path = Base.lproj/LaunchScreen.storyboard; sourceTree = "<group>"; };
		55D23CE22167636700A3D2F9 /* Info.plist */ = {isa = PBXFileReference; lastKnownFileType = text.plist.xml; path = Info.plist; sourceTree = "<group>"; };
		55D23CE92167639400A3D2F9 /* Test.swift */ = {isa = PBXFileReference; lastKnownFileType = sourcecode.swift; path = Test.swift; sourceTree = "<group>"; };
/* End PBXFileReference section */

/* Begin PBXFrameworksBuildPhase section */
		55D23CD02167636400A3D2F9 /* Frameworks */ = {
			isa = PBXFrameworksBuildPhase;
			buildActionMask = 2147483647;
			files = (
			);
			runOnlyForDeploymentPostprocessing = 0;
		};
/* End PBXFrameworksBuildPhase section */

/* Begin PBXGroup section */
		55D23CCA2167636400A3D2F9 = {
			isa = PBXGroup;
			children = (
				55D23CE82167637800A3D2F9 /* FrameWorks */,
				55D23CD52167636400A3D2F9 /* NewTableRepo */,
				55D23CD42167636400A3D2F9 /* Products */,
			);
			sourceTree = "<group>";
		};
		55D23CD42167636400A3D2F9 /* Products */ = {
			isa = PBXGroup;
			children = (
				55D23CD32167636400A3D2F9 /* NewTableRepo.app */,
			);
			name = Products;
			sourceTree = "<group>";
		};
		55D23CD52167636400A3D2F9 /* NewTableRepo */ = {
			isa = PBXGroup;
			children = (
				55D23CD62167636400A3D2F9 /* AppDelegate.swift */,
				55D23CD82167636400A3D2F9 /* ViewController.swift */,
				55D23CDA2167636400A3D2F9 /* Main.storyboard */,
				55D23CDD2167636700A3D2F9 /* Assets.xcassets */,
				55D23CDF2167636700A3D2F9 /* LaunchScreen.storyboard */,
				55D23CE22167636700A3D2F9 /* Info.plist */,
			);
			path = NewTableRepo;
			sourceTree = "<group>";
		};
		55D23CE82167637800A3D2F9 /* FrameWorks */ = {
			isa = PBXGroup;
			children = (
				55D23CE92167639400A3D2F9 /* Test.swift */,
			);
			path = FrameWorks;
			sourceTree = "<group>";
		};
/* End PBXGroup section */

/* Begin PBXNativeTarget section */
		55D23CD22167636400A3D2F9 /* NewTableRepo */ = {
			isa = PBXNativeTarget;
			buildConfigurationList = 55D23CE52167636700A3D2F9 /* Build configuration list for PBXNativeTarget "NewTableRepo" */;
			buildPhases = (
				55D23CCF2167636400A3D2F9 /* Sources */,
				55D23CD02167636400A3D2F9 /* Frameworks */,
				55D23CD12167636400A3D2F9 /* Resources */,
			);
			buildRules = (
			);
			dependencies = (
			);
			name = NewTableRepo;
			productName = NewTableRepo;
			productReference = 55D23CD32167636400A3D2F9 /* NewTableRepo.app */;
			productType = "com.apple.product-type.application";
		};
/* End PBXNativeTarget section */

/* Begin PBXProject section */
		55D23CCB2167636400A3D2F9 /* Project object */ = {
			isa = PBXProject;
			attributes = {
				LastSwiftUpdateCheck = 0930;
				LastUpgradeCheck = 0930;
				ORGANIZATIONNAME = fulcrum;
				TargetAttributes = {
					55D23CD22167636400A3D2F9 = {
						CreatedOnToolsVersion = 9.3.1;
					};
				};
			};
			buildConfigurationList = 55D23CCE2167636400A3D2F9 /* Build configuration list for PBXProject "NewTableRepo" */;
			compatibilityVersion = "Xcode 9.3";
			developmentRegion = en;
			hasScannedForEncodings = 0;
			knownRegions = (
				en,
				Base,
			);
			mainGroup = 55D23CCA2167636400A3D2F9;
			productRefGroup = 55D23CD42167636400A3D2F9 /* Products */;
			projectDirPath = "";
			projectRoot = "";
			targets = (
				55D23CD22167636400A3D2F9 /* NewTableRepo */,
			);
		};
/* End PBXProject section */

/* Begin PBXResourcesBuildPhase section */
		55D23CD12167636400A3D2F9 /* Resources */ = {
			isa = PBXResourcesBuildPhase;
			buildActionMask = 2147483647;
			files = (
				55D23CE12167636700A3D2F9 /* LaunchScreen.storyboard in Resources */,
				55D23CDE2167636700A3D2F9 /* Assets.xcassets in Resources */,
				55D23CDC2167636400A3D2F9 /* Main.storyboard in Resources */,
			);
			runOnlyForDeploymentPostprocessing = 0;
		};
/* End PBXResourcesBuildPhase section */

/* Begin PBXSourcesBuildPhase section */
		55D23CCF2167636400A3D2F9 /* Sources */ = {
			isa = PBXSourcesBuildPhase;
			buildActionMask = 2147483647;
			files = (
				55D23CD92167636400A3D2F9 /* ViewController.swift in Sources */,
				55D23CD72167636400A3D2F9 /* AppDelegate.swift in Sources */,
				55D23CEA2167639400A3D2F9 /* Test.swift in Sources */,
			);
			runOnlyForDeploymentPostprocessing = 0;
		};
/* End PBXSourcesBuildPhase section */

/* Begin PBXVariantGroup section */
		55D23CDA2167636400A3D2F9 /* Main.storyboard */ = {
			isa = PBXVariantGroup;
			children = (
				55D23CDB2167636400A3D2F9 /* Base */,
			);
			name = Main.storyboard;
			sourceTree = "<group>";
		};
		55D23CDF2167636700A3D2F9 /* LaunchScreen.storyboard */ = {
			isa = PBXVariantGroup;
			children = (
				55D23CE02167636700A3D2F9 /* Base */,
			);
			name = LaunchScreen.storyboard;
			sourceTree = "<group>";
		};
/* End PBXVariantGroup section */

/* Begin XCBuildConfiguration section */
		55D23CE32167636700A3D2F9 /* Debug */ = {
			isa = XCBuildConfiguration;
			buildSettings = {
				ALWAYS_SEARCH_USER_PATHS = NO;
				CLANG_ANALYZER_NONNULL = YES;
				CLANG_ANALYZER_NUMBER_OBJECT_CONVERSION = YES_AGGRESSIVE;
				CLANG_CXX_LANGUAGE_STANDARD = "gnu++14";
				CLANG_CXX_LIBRARY = "libc++";
				CLANG_ENABLE_MODULES = YES;
				CLANG_ENABLE_OBJC_ARC = YES;
				CLANG_ENABLE_OBJC_WEAK = YES;
				CLANG_WARN_BLOCK_CAPTURE_AUTORELEASING = YES;
				CLANG_WARN_BOOL_CONVERSION = YES;
				CLANG_WARN_COMMA = YES;
				CLANG_WARN_CONSTANT_CONVERSION = YES;
				CLANG_WARN_DEPRECATED_OBJC_IMPLEMENTATIONS = YES;
				CLANG_WARN_DIRECT_OBJC_ISA_USAGE = YES_ERROR;
				CLANG_WARN_DOCUMENTATION_COMMENTS = YES;
				CLANG_WARN_EMPTY_BODY = YES;
				CLANG_WARN_ENUM_CONVERSION = YES;
				CLANG_WARN_INFINITE_RECURSION = YES;
				CLANG_WARN_INT_CONVERSION = YES;
				CLANG_WARN_NON_LITERAL_NULL_CONVERSION = YES;
				CLANG_WARN_OBJC_IMPLICIT_RETAIN_SELF = YES;
				CLANG_WARN_OBJC_LITERAL_CONVERSION = YES;
				CLANG_WARN_OBJC_ROOT_CLASS = YES_ERROR;
				CLANG_WARN_RANGE_LOOP_ANALYSIS = YES;
				CLANG_WARN_STRICT_PROTOTYPES = YES;
				CLANG_WARN_SUSPICIOUS_MOVE = YES;
				CLANG_WARN_UNGUARDED_AVAILABILITY = YES_AGGRESSIVE;
				CLANG_WARN_UNREACHABLE_CODE = YES;
				CLANG_WARN__DUPLICATE_METHOD_MATCH = YES;
				CODE_SIGN_IDENTITY = "iPhone Developer";
				COPY_PHASE_STRIP = NO;
				DEBUG_INFORMATION_FORMAT = dwarf;
				ENABLE_STRICT_OBJC_MSGSEND = YES;
				ENABLE_TESTABILITY = YES;
				GCC_C_LANGUAGE_STANDARD = gnu11;
				GCC_DYNAMIC_NO_PIC = NO;
				GCC_NO_COMMON_BLOCKS = YES;
				GCC_OPTIMIZATION_LEVEL = 0;
				GCC_PREPROCESSOR_DEFINITIONS = (
					"DEBUG=1",
					"$(inherited)",
				);
				GCC_WARN_64_TO_32_BIT_CONVERSION = YES;
				GCC_WARN_ABOUT_RETURN_TYPE = YES_ERROR;
				GCC_WARN_UNDECLARED_SELECTOR = YES;
				GCC_WARN_UNINITIALIZED_AUTOS = YES_AGGRESSIVE;
				GCC_WARN_UNUSED_FUNCTION = YES;
				GCC_WARN_UNUSED_VARIABLE = YES;
				IPHONEOS_DEPLOYMENT_TARGET = 11.3;
				MTL_ENABLE_DEBUG_INFO = YES;
				ONLY_ACTIVE_ARCH = YES;
				SDKROOT = iphoneos;
				SWIFT_ACTIVE_COMPILATION_CONDITIONS = DEBUG;
				SWIFT_OPTIMIZATION_LEVEL = "-Onone";
			};
			name = Debug;
		};
		55D23CE42167636700A3D2F9 /* Release */ = {
			isa = XCBuildConfiguration;
			buildSettings = {
				ALWAYS_SEARCH_USER_PATHS = NO;
				CLANG_ANALYZER_NONNULL = YES;
				CLANG_ANALYZER_NUMBER_OBJECT_CONVERSION = YES_AGGRESSIVE;
				CLANG_CXX_LANGUAGE_STANDARD = "gnu++14";
				CLANG_CXX_LIBRARY = "libc++";
				CLANG_ENABLE_MODULES = YES;
				CLANG_ENABLE_OBJC_ARC = YES;
				CLANG_ENABLE_OBJC_WEAK = YES;
				CLANG_WARN_BLOCK_CAPTURE_AUTORELEASING = YES;
				CLANG_WARN_BOOL_CONVERSION = YES;
				CLANG_WARN_COMMA = YES;
				CLANG_WARN_CONSTANT_CONVERSION = YES;
				CLANG_WARN_DEPRECATED_OBJC_IMPLEMENTATIONS = YES;
				CLANG_WARN_DIRECT_OBJC_ISA_USAGE = YES_ERROR;
				CLANG_WARN_DOCUMENTATION_COMMENTS = YES;
				CLANG_WARN_EMPTY_BODY = YES;
				CLANG_WARN_ENUM_CONVERSION = YES;
				CLANG_WARN_INFINITE_RECURSION = YES;
				CLANG_WARN_INT_CONVERSION = YES;
				CLANG_WARN_NON_LITERAL_NULL_CONVERSION = YES;
				CLANG_WARN_OBJC_IMPLICIT_RETAIN_SELF = YES;
				CLANG_WARN_OBJC_LITERAL_CONVERSION = YES;
				CLANG_WARN_OBJC_ROOT_CLASS = YES_ERROR;
				CLANG_WARN_RANGE_LOOP_ANALYSIS = YES;
				CLANG_WARN_STRICT_PROTOTYPES = YES;
				CLANG_WARN_SUSPICIOUS_MOVE = YES;
				CLANG_WARN_UNGUARDED_AVAILABILITY = YES_AGGRESSIVE;
				CLANG_WARN_UNREACHABLE_CODE = YES;
				CLANG_WARN__DUPLICATE_METHOD_MATCH = YES;
				CODE_SIGN_IDENTITY = "iPhone Developer";
				COPY_PHASE_STRIP = NO;
				DEBUG_INFORMATION_FORMAT = "dwarf-with-dsym";
				ENABLE_NS_ASSERTIONS = NO;
				ENABLE_STRICT_OBJC_MSGSEND = YES;
				GCC_C_LANGUAGE_STANDARD = gnu11;
				GCC_NO_COMMON_BLOCKS = YES;
				GCC_WARN_64_TO_32_BIT_CONVERSION = YES;
				GCC_WARN_ABOUT_RETURN_TYPE = YES_ERROR;
				GCC_WARN_UNDECLARED_SELECTOR = YES;
				GCC_WARN_UNINITIALIZED_AUTOS = YES_AGGRESSIVE;
				GCC_WARN_UNUSED_FUNCTION = YES;
				GCC_WARN_UNUSED_VARIABLE = YES;
				IPHONEOS_DEPLOYMENT_TARGET = 11.3;
				MTL_ENABLE_DEBUG_INFO = NO;
				SDKROOT = iphoneos;
				SWIFT_COMPILATION_MODE = wholemodule;
				SWIFT_OPTIMIZATION_LEVEL = "-O";
				VALIDATE_PRODUCT = YES;
			};
			name = Release;
		};
		55D23CE62167636700A3D2F9 /* Debug */ = {
			isa = XCBuildConfiguration;
			buildSettings = {
				ASSETCATALOG_COMPILER_APPICON_NAME = AppIcon;
				CODE_SIGN_STYLE = Automatic;
				DEVELOPMENT_TEAM = SB3KB5ZJJ3;
				INFOPLIST_FILE = NewTableRepo/Info.plist;
				LD_RUNPATH_SEARCH_PATHS = (
					"$(inherited)",
					"@executable_path/Frameworks",
				);
				PRODUCT_BUNDLE_IDENTIFIER = com.fiori.list.NewTableRepo;
				PRODUCT_NAME = "$(TARGET_NAME)";
				SWIFT_VERSION = 4.0;
				TARGETED_DEVICE_FAMILY = "1,2";
			};
			name = Debug;
		};
		55D23CE72167636700A3D2F9 /* Release */ = {
			isa = XCBuildConfiguration;
			buildSettings = {
				ASSETCATALOG_COMPILER_APPICON_NAME = AppIcon;
				CODE_SIGN_STYLE = Automatic;
				DEVELOPMENT_TEAM = SB3KB5ZJJ3;
				INFOPLIST_FILE = NewTableRepo/Info.plist;
				LD_RUNPATH_SEARCH_PATHS = (
					"$(inherited)",
					"@executable_path/Frameworks",
				);
				PRODUCT_BUNDLE_IDENTIFIER = com.fiori.list.NewTableRepo;
				PRODUCT_NAME = "$(TARGET_NAME)";
				SWIFT_VERSION = 4.0;
				TARGETED_DEVICE_FAMILY = "1,2";
			};
			name = Release;
		};
/* End XCBuildConfiguration section */

/* Begin XCConfigurationList section */
		55D23CCE2167636400A3D2F9 /* Build configuration list for PBXProject "NewTableRepo" */ = {
			isa = XCConfigurationList;
			buildConfigurations = (
				55D23CE32167636700A3D2F9 /* Debug */,
				55D23CE42167636700A3D2F9 /* Release */,
			);
			defaultConfigurationIsVisible = 0;
			defaultConfigurationName = Release;
		};
		55D23CE52167636700A3D2F9 /* Build configuration list for PBXNativeTarget "NewTableRepo" */ = {
			isa = XCConfigurationList;
			buildConfigurations = (
				55D23CE62167636700A3D2F9 /* Debug */,
				55D23CE72167636700A3D2F9 /* Release */,
			);
			defaultConfigurationIsVisible = 0;
			defaultConfigurationName = Release;
		};
/* End XCConfigurationList section */
	};
	rootObject = 55D23CCB2167636400A3D2F9 /* Project object */;
}
